
Microsoft Visual Studio Solution File, Format Version 12.00
# Visual Studio Version 17
VisualStudioVersion = 17.8.34525.116
MinimumVisualStudioVersion = 10.0.40219.1
Project("{2150E333-8FDC-42A3-9474-1A3956D46DE8}") = "src", "src", "{E0FEB0E0-3E5E-4F7A-9069-3D6B62E41FCD}"
EndProject
Project("{2150E333-8FDC-42A3-9474-1A3956D46DE8}") = "tests", "tests", "{665B01AD-2EC0-481E-93D2-640DA48F0CF7}"
EndProject
Project("{9A19103F-16F7-4668-BE54-9A1E7A4F7556}") = "RocketseatAuction.API", "src\RocketseatAuction.API\RocketseatAuction.API.csproj", "{6B354C11-DFF4-4AA3-90C4-9D523CA3B1BA}"
EndProject
Project("{FAE04EC0-301F-11D3-BF4B-00C04F79EFBC}") = "UseCases.Test", "tests\UseCases.Test\UseCases.Test.csproj", "{A9AAD42B-91CB-4636-968C-278DE367D685}"
EndProject
Global
	GlobalSection(SolutionConfigurationPlatforms) = preSolution
		Debug|Any CPU = Debug|Any CPU
		Release|Any CPU = Release|Any CPU
	EndGlobalSection
	GlobalSection(ProjectConfigurationPlatforms) = postSolution
		{6B354C11-DFF4-4AA3-90C4-9D523CA3B1BA}.Debug|Any CPU.ActiveCfg = Debug|Any CPU
		{6B354C11-DFF4-4AA3-90C4-9D523CA3B1BA}.Debug|Any CPU.Build.0 = Debug|Any CPU
		{6B354C11-DFF4-4AA3-90C4-9D523CA3B1BA}.Release|Any CPU.ActiveCfg = Release|Any CPU
		{6B354C11-DFF4-4AA3-90C4-9D523CA3B1BA}.Release|Any CPU.Build.0 = Release|Any CPU
		{A9AAD42B-91CB-4636-968C-278DE367D685}.Debug|Any CPU.ActiveCfg = Debug|Any CPU
		{A9AAD42B-91CB-4636-968C-278DE367D685}.Debug|Any CPU.Build.0 = Debug|Any CPU
		{A9AAD42B-91CB-4636-968C-278DE367D685}.Release|Any CPU.ActiveCfg = Release|Any CPU
		{A9AAD42B-91CB-4636-968C-278DE367D685}.Release|Any CPU.Build.0 = Release|Any CPU
	EndGlobalSection
	GlobalSection(SolutionProperties) = preSolution
		HideSolutionNode = FALSE
	EndGlobalSection
	GlobalSection(NestedProjects) = preSolution
		{6B354C11-DFF4-4AA3-90C4-9D523CA3B1BA} = {E0FEB0E0-3E5E-4F7A-9069-3D6B62E41FCD}
		{A9AAD42B-91CB-4636-968C-278DE367D685} = {665B01AD-2EC0-481E-93D2-640DA48F0CF7}
	EndGlobalSection
	GlobalSection(ExtensibilityGlobals) = postSolution
		SolutionGuid = {E68FB2C1-FA0C-472F-8D33-A798017B4CB8}
	EndGlobalSection
EndGlobal
